
Microsoft Visual Studio Solution File, Format Version 12.00
# Visual Studio 2012
Project("{FAE04EC0-301F-11D3-BF4B-00C04F79EFBC}") = "CRY.Core", "CRY.Core\CRY.Core.csproj", "{029C230E-38AF-4441-945E-9A93E2E34365}"
EndProject
Project("{FAE04EC0-301F-11D3-BF4B-00C04F79EFBC}") = "CRY.QQ.Simulate", "CRY.QQ.Simulate\CRY.QQ.Simulate.csproj", "{38D12103-6642-4003-AD12-415809C0ED9C}"
EndProject
Project("{FAE04EC0-301F-11D3-BF4B-00C04F79EFBC}") = "CRY.Core.Test", "CRY.Core.Test\CRY.Core.Test.csproj", "{7C3CB8C9-02A5-41E6-91D7-852B0FC8D9C3}"
EndProject
Project("{FAE04EC0-301F-11D3-BF4B-00C04F79EFBC}") = "CRY.QQ.Simulate.Test", "CRY.QQ.Simulate.Test\CRY.QQ.Simulate.Test.csproj", "{94EA0E39-508B-434E-B155-57069E839C0E}"
EndProject
Project("{2150E333-8FDC-42A3-9474-1A3956D46DE8}") = "test", "test", "{7063FAB3-F37A-49F1-A51B-A3BD63B1A904}"
EndProject
Project("{2150E333-8FDC-42A3-9474-1A3956D46DE8}") = "src", "src", "{3CACB44C-E141-405C-B51D-7AF7B1F10E16}"
EndProject
Project("{FAE04EC0-301F-11D3-BF4B-00C04F79EFBC}") = "QQCheckForm", "QQCheckForm\QQCheckForm.csproj", "{F1A7D52C-3B89-48F1-8E45-ECCB203BA4C6}"
EndProject
Project("{2150E333-8FDC-42A3-9474-1A3956D46DE8}") = ".nuget", ".nuget", "{B5C0AAEF-A683-4320-974C-D7BDC55E7B85}"
	ProjectSection(SolutionItems) = preProject
		.nuget\NuGet.Config = .nuget\NuGet.Config
		.nuget\NuGet.exe = .nuget\NuGet.exe
		.nuget\NuGet.targets = .nuget\NuGet.targets
	EndProjectSection
EndProject
Global
	GlobalSection(SolutionConfigurationPlatforms) = preSolution
		Debug|Any CPU = Debug|Any CPU
		Debug|ARM = Debug|ARM
		Debug|x64 = Debug|x64
		Debug|x86 = Debug|x86
		Release|Any CPU = Release|Any CPU
		Release|ARM = Release|ARM
		Release|x64 = Release|x64
		Release|x86 = Release|x86
	EndGlobalSection
	GlobalSection(ProjectConfigurationPlatforms) = postSolution
		{029C230E-38AF-4441-945E-9A93E2E34365}.Debug|Any CPU.ActiveCfg = Debug|Any CPU
		{029C230E-38AF-4441-945E-9A93E2E34365}.Debug|Any CPU.Build.0 = Debug|Any CPU
		{029C230E-38AF-4441-945E-9A93E2E34365}.Debug|ARM.ActiveCfg = Debug|Any CPU
		{029C230E-38AF-4441-945E-9A93E2E34365}.Debug|ARM.Build.0 = Debug|Any CPU
		{029C230E-38AF-4441-945E-9A93E2E34365}.Debug|x64.ActiveCfg = Debug|Any CPU
		{029C230E-38AF-4441-945E-9A93E2E34365}.Debug|x64.Build.0 = Debug|Any CPU
		{029C230E-38AF-4441-945E-9A93E2E34365}.Debug|x86.ActiveCfg = Debug|Any CPU
		{029C230E-38AF-4441-945E-9A93E2E34365}.Debug|x86.Build.0 = Debug|Any CPU
		{029C230E-38AF-4441-945E-9A93E2E34365}.Release|Any CPU.ActiveCfg = Release|Any CPU
		{029C230E-38AF-4441-945E-9A93E2E34365}.Release|Any CPU.Build.0 = Release|Any CPU
		{029C230E-38AF-4441-945E-9A93E2E34365}.Release|ARM.ActiveCfg = Release|Any CPU
		{029C230E-38AF-4441-945E-9A93E2E34365}.Release|ARM.Build.0 = Release|Any CPU
		{029C230E-38AF-4441-945E-9A93E2E34365}.Release|x64.ActiveCfg = Release|Any CPU
		{029C230E-38AF-4441-945E-9A93E2E34365}.Release|x64.Build.0 = Release|Any CPU
		{029C230E-38AF-4441-945E-9A93E2E34365}.Release|x86.ActiveCfg = Release|Any CPU
		{029C230E-38AF-4441-945E-9A93E2E34365}.Release|x86.Build.0 = Release|Any CPU
		{38D12103-6642-4003-AD12-415809C0ED9C}.Debug|Any CPU.ActiveCfg = Debug|Any CPU
		{38D12103-6642-4003-AD12-415809C0ED9C}.Debug|Any CPU.Build.0 = Debug|Any CPU
		{38D12103-6642-4003-AD12-415809C0ED9C}.Debug|ARM.ActiveCfg = Debug|Any CPU
		{38D12103-6642-4003-AD12-415809C0ED9C}.Debug|ARM.Build.0 = Debug|Any CPU
		{38D12103-6642-4003-AD12-415809C0ED9C}.Debug|x64.ActiveCfg = Debug|Any CPU
		{38D12103-6642-4003-AD12-415809C0ED9C}.Debug|x64.Build.0 = Debug|Any CPU
		{38D12103-6642-4003-AD12-415809C0ED9C}.Debug|x86.ActiveCfg = Debug|Any CPU
		{38D12103-6642-4003-AD12-415809C0ED9C}.Debug|x86.Build.0 = Debug|Any CPU
		{38D12103-6642-4003-AD12-415809C0ED9C}.Release|Any CPU.ActiveCfg = Release|Any CPU
		{38D12103-6642-4003-AD12-415809C0ED9C}.Release|Any CPU.Build.0 = Release|Any CPU
		{38D12103-6642-4003-AD12-415809C0ED9C}.Release|ARM.ActiveCfg = Release|Any CPU
		{38D12103-6642-4003-AD12-415809C0ED9C}.Release|ARM.Build.0 = Release|Any CPU
		{38D12103-6642-4003-AD12-415809C0ED9C}.Release|x64.ActiveCfg = Release|Any CPU
		{38D12103-6642-4003-AD12-415809C0ED9C}.Release|x64.Build.0 = Release|Any CPU
		{38D12103-6642-4003-AD12-415809C0ED9C}.Release|x86.ActiveCfg = Release|Any CPU
		{38D12103-6642-4003-AD12-415809C0ED9C}.Release|x86.Build.0 = Release|Any CPU
		{7C3CB8C9-02A5-41E6-91D7-852B0FC8D9C3}.Debug|Any CPU.ActiveCfg = Debug|Any CPU
		{7C3CB8C9-02A5-41E6-91D7-852B0FC8D9C3}.Debug|Any CPU.Build.0 = Debug|Any CPU
		{7C3CB8C9-02A5-41E6-91D7-852B0FC8D9C3}.Debug|ARM.ActiveCfg = Debug|Any CPU
		{7C3CB8C9-02A5-41E6-91D7-852B0FC8D9C3}.Debug|ARM.Build.0 = Debug|Any CPU
		{7C3CB8C9-02A5-41E6-91D7-852B0FC8D9C3}.Debug|x64.ActiveCfg = Debug|Any CPU
		{7C3CB8C9-02A5-41E6-91D7-852B0FC8D9C3}.Debug|x64.Build.0 = Debug|Any CPU
		{7C3CB8C9-02A5-41E6-91D7-852B0FC8D9C3}.Debug|x86.ActiveCfg = Debug|Any CPU
		{7C3CB8C9-02A5-41E6-91D7-852B0FC8D9C3}.Debug|x86.Build.0 = Debug|Any CPU
		{7C3CB8C9-02A5-41E6-91D7-852B0FC8D9C3}.Release|Any CPU.ActiveCfg = Release|Any CPU
		{7C3CB8C9-02A5-41E6-91D7-852B0FC8D9C3}.Release|Any CPU.Build.0 = Release|Any CPU
		{7C3CB8C9-02A5-41E6-91D7-852B0FC8D9C3}.Release|ARM.ActiveCfg = Release|Any CPU
		{7C3CB8C9-02A5-41E6-91D7-852B0FC8D9C3}.Release|ARM.Build.0 = Release|Any CPU
		{7C3CB8C9-02A5-41E6-91D7-852B0FC8D9C3}.Release|x64.ActiveCfg = Release|Any CPU
		{7C3CB8C9-02A5-41E6-91D7-852B0FC8D9C3}.Release|x64.Build.0 = Release|Any CPU
		{7C3CB8C9-02A5-41E6-91D7-852B0FC8D9C3}.Release|x86.ActiveCfg = Release|Any CPU
		{7C3CB8C9-02A5-41E6-91D7-852B0FC8D9C3}.Release|x86.Build.0 = Release|Any CPU
		{94EA0E39-508B-434E-B155-57069E839C0E}.Debug|Any CPU.ActiveCfg = Debug|Any CPU
		{94EA0E39-508B-434E-B155-57069E839C0E}.Debug|Any CPU.Build.0 = Debug|Any CPU
		{94EA0E39-508B-434E-B155-57069E839C0E}.Debug|ARM.ActiveCfg = Debug|Any CPU
		{94EA0E39-508B-434E-B155-57069E839C0E}.Debug|ARM.Build.0 = Debug|Any CPU
		{94EA0E39-508B-434E-B155-57069E839C0E}.Debug|x64.ActiveCfg = Debug|Any CPU
		{94EA0E39-508B-434E-B155-57069E839C0E}.Debug|x64.Build.0 = Debug|Any CPU
		{94EA0E39-508B-434E-B155-57069E839C0E}.Debug|x86.ActiveCfg = Debug|Any CPU
		{94EA0E39-508B-434E-B155-57069E839C0E}.Debug|x86.Build.0 = Debug|Any CPU
		{94EA0E39-508B-434E-B155-57069E839C0E}.Release|Any CPU.ActiveCfg = Release|Any CPU
		{94EA0E39-508B-434E-B155-57069E839C0E}.Release|Any CPU.Build.0 = Release|Any CPU
		{94EA0E39-508B-434E-B155-57069E839C0E}.Release|ARM.ActiveCfg = Release|Any CPU
		{94EA0E39-508B-434E-B155-57069E839C0E}.Release|ARM.Build.0 = Release|Any CPU
		{94EA0E39-508B-434E-B155-57069E839C0E}.Release|x64.ActiveCfg = Release|Any CPU
		{94EA0E39-508B-434E-B155-57069E839C0E}.Release|x64.Build.0 = Release|Any CPU
		{94EA0E39-508B-434E-B155-57069E839C0E}.Release|x86.ActiveCfg = Release|Any CPU
		{94EA0E39-508B-434E-B155-57069E839C0E}.Release|x86.Build.0 = Release|Any CPU
		{F1A7D52C-3B89-48F1-8E45-ECCB203BA4C6}.Debug|Any CPU.ActiveCfg = Debug|Any CPU
		{F1A7D52C-3B89-48F1-8E45-ECCB203BA4C6}.Debug|Any CPU.Build.0 = Debug|Any CPU
		{F1A7D52C-3B89-48F1-8E45-ECCB203BA4C6}.Debug|ARM.ActiveCfg = Debug|Any CPU
		{F1A7D52C-3B89-48F1-8E45-ECCB203BA4C6}.Debug|ARM.Build.0 = Debug|Any CPU
		{F1A7D52C-3B89-48F1-8E45-ECCB203BA4C6}.Debug|x64.ActiveCfg = Debug|Any CPU
		{F1A7D52C-3B89-48F1-8E45-ECCB203BA4C6}.Debug|x64.Build.0 = Debug|Any CPU
		{F1A7D52C-3B89-48F1-8E45-ECCB203BA4C6}.Debug|x86.ActiveCfg = Debug|Any CPU
		{F1A7D52C-3B89-48F1-8E45-ECCB203BA4C6}.Debug|x86.Build.0 = Debug|Any CPU
		{F1A7D52C-3B89-48F1-8E45-ECCB203BA4C6}.Release|Any CPU.ActiveCfg = Release|Any CPU
		{F1A7D52C-3B89-48F1-8E45-ECCB203BA4C6}.Release|Any CPU.Build.0 = Release|Any CPU
		{F1A7D52C-3B89-48F1-8E45-ECCB203BA4C6}.Release|ARM.ActiveCfg = Release|Any CPU
		{F1A7D52C-3B89-48F1-8E45-ECCB203BA4C6}.Release|ARM.Build.0 = Release|Any CPU
		{F1A7D52C-3B89-48F1-8E45-ECCB203BA4C6}.Release|x64.ActiveCfg = Release|Any CPU
		{F1A7D52C-3B89-48F1-8E45-ECCB203BA4C6}.Release|x64.Build.0 = Release|Any CPU
		{F1A7D52C-3B89-48F1-8E45-ECCB203BA4C6}.Release|x86.ActiveCfg = Release|Any CPU
		{F1A7D52C-3B89-48F1-8E45-ECCB203BA4C6}.Release|x86.Build.0 = Release|Any CPU
	EndGlobalSection
	GlobalSection(SolutionProperties) = preSolution
		HideSolutionNode = FALSE
	EndGlobalSection
	GlobalSection(NestedProjects) = preSolution
		{38D12103-6642-4003-AD12-415809C0ED9C} = {3CACB44C-E141-405C-B51D-7AF7B1F10E16}
		{029C230E-38AF-4441-945E-9A93E2E34365} = {3CACB44C-E141-405C-B51D-7AF7B1F10E16}
		{F1A7D52C-3B89-48F1-8E45-ECCB203BA4C6} = {3CACB44C-E141-405C-B51D-7AF7B1F10E16}
		{94EA0E39-508B-434E-B155-57069E839C0E} = {7063FAB3-F37A-49F1-A51B-A3BD63B1A904}
		{7C3CB8C9-02A5-41E6-91D7-852B0FC8D9C3} = {7063FAB3-F37A-49F1-A51B-A3BD63B1A904}
	EndGlobalSection
EndGlobal
